
Microsoft Visual Studio Solution File, Format Version 12.00
# Visual Studio 15
Project("{FAE04EC0-301F-11D3-BF4B-00C04F79EFBC}") = "Assembly-CSharp", "Assembly-CSharp.csproj", "{56860565-4F65-127C-526F-264394DEBB41}"
EndProject
Project("{FAE04EC0-301F-11D3-BF4B-00C04F79EFBC}") = "FMODUnityEditor", "FMODUnityEditor.csproj", "{51A4B081-E694-B898-E58F-3D7C9534C58C}"
EndProject
Project("{FAE04EC0-301F-11D3-BF4B-00C04F79EFBC}") = "FMODUnityResonanceEditor", "FMODUnityResonanceEditor.csproj", "{7A0A5369-C147-6AA7-8A33-7079FE7ABB4B}"
EndProject
Project("{FAE04EC0-301F-11D3-BF4B-00C04F79EFBC}") = "FMODUnity", "FMODUnity.csproj", "{EED2ED32-7609-AE7C-2BC6-F8B5C2114EF0}"
EndProject
Project("{FAE04EC0-301F-11D3-BF4B-00C04F79EFBC}") = "Assembly-CSharp-Editor", "Assembly-CSharp-Editor.csproj", "{23147FA2-C9ED-DFA7-2C3A-D215CAC7934E}"
EndProject
Project("{FAE04EC0-301F-11D3-BF4B-00C04F79EFBC}") = "FMODUnityResonance", "FMODUnityResonance.csproj", "{DF90E419-1928-4998-FA23-15B588BA72C6}"
EndProject
Global
	GlobalSection(SolutionConfigurationPlatforms) = preSolution
		Debug|Any CPU = Debug|Any CPU
		Release|Any CPU = Release|Any CPU
	EndGlobalSection
	GlobalSection(ProjectConfigurationPlatforms) = postSolution
		{56860565-4F65-127C-526F-264394DEBB41}.Debug|Any CPU.ActiveCfg = Debug|Any CPU
		{56860565-4F65-127C-526F-264394DEBB41}.Debug|Any CPU.Build.0 = Debug|Any CPU
		{56860565-4F65-127C-526F-264394DEBB41}.Release|Any CPU.ActiveCfg = Release|Any CPU
		{56860565-4F65-127C-526F-264394DEBB41}.Release|Any CPU.Build.0 = Release|Any CPU
		{51A4B081-E694-B898-E58F-3D7C9534C58C}.Debug|Any CPU.ActiveCfg = Debug|Any CPU
		{51A4B081-E694-B898-E58F-3D7C9534C58C}.Debug|Any CPU.Build.0 = Debug|Any CPU
		{51A4B081-E694-B898-E58F-3D7C9534C58C}.Release|Any CPU.ActiveCfg = Release|Any CPU
		{51A4B081-E694-B898-E58F-3D7C9534C58C}.Release|Any CPU.Build.0 = Release|Any CPU
		{7A0A5369-C147-6AA7-8A33-7079FE7ABB4B}.Debug|Any CPU.ActiveCfg = Debug|Any CPU
		{7A0A5369-C147-6AA7-8A33-7079FE7ABB4B}.Debug|Any CPU.Build.0 = Debug|Any CPU
		{7A0A5369-C147-6AA7-8A33-7079FE7ABB4B}.Release|Any CPU.ActiveCfg = Release|Any CPU
		{7A0A5369-C147-6AA7-8A33-7079FE7ABB4B}.Release|Any CPU.Build.0 = Release|Any CPU
		{EED2ED32-7609-AE7C-2BC6-F8B5C2114EF0}.Debug|Any CPU.ActiveCfg = Debug|Any CPU
		{EED2ED32-7609-AE7C-2BC6-F8B5C2114EF0}.Debug|Any CPU.Build.0 = Debug|Any CPU
		{EED2ED32-7609-AE7C-2BC6-F8B5C2114EF0}.Release|Any CPU.ActiveCfg = Release|Any CPU
		{EED2ED32-7609-AE7C-2BC6-F8B5C2114EF0}.Release|Any CPU.Build.0 = Release|Any CPU
		{23147FA2-C9ED-DFA7-2C3A-D215CAC7934E}.Debug|Any CPU.ActiveCfg = Debug|Any CPU
		{23147FA2-C9ED-DFA7-2C3A-D215CAC7934E}.Debug|Any CPU.Build.0 = Debug|Any CPU
		{23147FA2-C9ED-DFA7-2C3A-D215CAC7934E}.Release|Any CPU.ActiveCfg = Release|Any CPU
		{23147FA2-C9ED-DFA7-2C3A-D215CAC7934E}.Release|Any CPU.Build.0 = Release|Any CPU
		{DF90E419-1928-4998-FA23-15B588BA72C6}.Debug|Any CPU.ActiveCfg = Debug|Any CPU
		{DF90E419-1928-4998-FA23-15B588BA72C6}.Debug|Any CPU.Build.0 = Debug|Any CPU
		{DF90E419-1928-4998-FA23-15B588BA72C6}.Release|Any CPU.ActiveCfg = Release|Any CPU
		{DF90E419-1928-4998-FA23-15B588BA72C6}.Release|Any CPU.Build.0 = Release|Any CPU
	EndGlobalSection
	GlobalSection(SolutionProperties) = preSolution
		HideSolutionNode = FALSE
	EndGlobalSection
EndGlobal
